# This file was autogenerated by Stack.
# You should not edit this file by hand.
# For more information, please see the documentation at:
#   https://docs.haskellstack.org/en/stable/lock_files

packages:
- completed:
    commit: 09d1ef1fd74158fdf000e4e09f3a0379331b78e0
    git: git@github.com:ejconlon/dahdit.git
    name: dahdit
    pantry-tree:
      sha256: 9ab30a3590e4f9b04fb70457e3cf75c12d2e556d9c9d481b3446c53dcced3463
      size: 1690
    version: 0.4.0
  original:
    commit: 09d1ef1fd74158fdf000e4e09f3a0379331b78e0
    git: git@github.com:ejconlon/dahdit.git
- completed:
    commit: 45406c35878d0f3efc4cf29b4f3f2182391bc27c
    git: git@github.com:ejconlon/data-sword.git
    name: data-sword
    pantry-tree:
      sha256: fb466911a26b1fe3a5f7ca96141b20c282a4f2151de281d7a97f84f96abc58a7
      size: 552
    version: 0.2.0.4
  original:
    commit: 45406c35878d0f3efc4cf29b4f3f2182391bc27c
    git: git@github.com:ejconlon/data-sword.git
- completed:
    hackage: primitive-0.8.0.0@sha256:826bf2a702a26ef87532a135808abad69d74f70ead39f26c06d034b1f0537a19,3104
    pantry-tree:
      sha256: eaf8b0689d5a3cbc38b5a5b4bf665ec5822ad0060e8876b26bf6f13b9741295a
      size: 1721
  original:
    hackage: primitive-0.8.0.0
- completed:
    hackage: RtMidi-0.6.1.0@sha256:8c9694126352ae2b8935554ff25a4f2d8541ec0f39805300c4ca9fd0620604ef,3806
    pantry-tree:
      sha256: 406147390d64947da0062a10837108797d0be59cf3157b4e375fa66cd3490e67
      size: 860
  original:
    hackage: RtMidi-0.6.1.0
- completed:
    hackage: falsify-0.1.1@sha256:49c4d6acba99a2647b18502ff0265fb98570b77d7893c355ede4f2db17295cc1,5236
    pantry-tree:
      sha256: 96d0d0b4ef5b87b88f4c7e6ca93de6a9cfca5f788713be8faf32d6125000aa60
      size: 3162
  original:
    hackage: falsify-0.1.1
- completed:
    commit: 1627e917a78d72ef4391bd8bedaa55f1c4808314
    git: git@github.com:ejconlon/dahdit-test.git
    name: dahdit-test
    pantry-tree:
      sha256: eaec2a525ceb071b7a836d34fa16dce57aa5e454ad7e176fbcc3c8ca1f3a6db2
      size: 841
    version: 0.1.0
  original:
    commit: 1627e917a78d72ef4391bd8bedaa55f1c4808314
    git: git@github.com:ejconlon/dahdit-test.git
snapshots:
- completed:
    sha256: dcf4fc28f12d805480ddbe8eb8c370e11db12f0461d0110a4240af27ac88d725
    size: 650255
    url: https://raw.githubusercontent.com/commercialhaskell/stackage-snapshots/master/lts/20/22.yaml
  original: lts-20.22
