# This file was autogenerated by Stack.
# You should not edit this file by hand.
# For more information, please see the documentation at:
#   https://docs.haskellstack.org/en/stable/lock_files

packages:
- completed:
    commit: 02bbb032d1464fead54ce1b29e8b57cc15883aff
    git: git@github.com:ejconlon/dahdit.git
    name: dahdit
    pantry-tree:
      sha256: 4dc4b16178688f0d597d6ba0e1e2ba975bc5e1ecf871380e1b28a76c853e9978
      size: 1749
    version: 0.4.0
  original:
    commit: 02bbb032d1464fead54ce1b29e8b57cc15883aff
    git: git@github.com:ejconlon/dahdit.git
- completed:
    commit: 45406c35878d0f3efc4cf29b4f3f2182391bc27c
    git: git@github.com:ejconlon/data-sword.git
    name: data-sword
    pantry-tree:
      sha256: fb466911a26b1fe3a5f7ca96141b20c282a4f2151de281d7a97f84f96abc58a7
      size: 552
    version: 0.2.0.4
  original:
    commit: 45406c35878d0f3efc4cf29b4f3f2182391bc27c
    git: git@github.com:ejconlon/data-sword.git
- completed:
    hackage: primitive-0.8.0.0@sha256:826bf2a702a26ef87532a135808abad69d74f70ead39f26c06d034b1f0537a19,3104
    pantry-tree:
      sha256: eaf8b0689d5a3cbc38b5a5b4bf665ec5822ad0060e8876b26bf6f13b9741295a
      size: 1721
  original:
    hackage: primitive-0.8.0.0
- completed:
    hackage: RtMidi-0.6.1.0@sha256:8c9694126352ae2b8935554ff25a4f2d8541ec0f39805300c4ca9fd0620604ef,3806
    pantry-tree:
      sha256: 406147390d64947da0062a10837108797d0be59cf3157b4e375fa66cd3490e67
      size: 860
  original:
    hackage: RtMidi-0.6.1.0
- completed:
    hackage: falsify-0.1.1@sha256:49c4d6acba99a2647b18502ff0265fb98570b77d7893c355ede4f2db17295cc1,5236
    pantry-tree:
      sha256: 96d0d0b4ef5b87b88f4c7e6ca93de6a9cfca5f788713be8faf32d6125000aa60
      size: 3162
  original:
    hackage: falsify-0.1.1
snapshots:
- completed:
    sha256: 126fa33ceb11f5e85ceb4e86d434756bd9a8439e2e5776d306a15fbc63b01e89
    size: 650041
    url: https://raw.githubusercontent.com/commercialhaskell/stackage-snapshots/master/lts/20/20.yaml
  original: lts-20.20
