# This file was autogenerated by Stack.
# You should not edit this file by hand.
# For more information, please see the documentation at:
#   https://docs.haskellstack.org/en/stable/lock_files

packages:
- completed:
    hackage: dahdit-0.1.2@sha256:35410bf474000b18b8c43ec6dd392f97be453fa48fa90a0d3c580405675a2fa8,3346
    pantry-tree:
      sha256: a0c031826c5163c0e2bbffe386e57e593492c492f981a747cf9853a7f88b9ab6
      size: 1037
  original:
    hackage: dahdit-0.1.2
- completed:
    hackage: data-sword-0.2.0.3@sha256:953cca4b4533a388df0ef17e06ac5530652d1d73decfe8b656242ccdf4b40999,1568
    pantry-tree:
      sha256: 60a104a3d3cbba2e099a9e7ce561322b2884f5323cf74fd876dfb59f265d803c
      size: 439
  original:
    hackage: data-sword-0.2.0.3
snapshots:
- completed:
    sha256: 14ca51a9a597c32dd7804c10d079feea3d0ae40c5fbbb346cbd67b3ae49f6d01
    size: 649598
    url: https://raw.githubusercontent.com/commercialhaskell/stackage-snapshots/master/lts/20/17.yaml
  original: lts-20.17
